{
  "name": "@gesellix/bose-soundtouch",
  "lockfileVersion": 3,
  "requires": true,
  "packages": {
    "": {
      "name": "@gesellix/bose-soundtouch",
      "license": "MIT",
      "dependencies": {
        "htm": "3.1.1",
        "preact": "10.29.7"
      },
      "engines": {
        "node": ">=24.0.0"
      }
    },
    "node_modules/htm": {
      "version": "3.1.1",
      "resolved": "https://registry.npmjs.org/htm/-/htm-3.1.1.tgz",
      "integrity": "sha512-983Vyg8NwUE7JkZ6NmOqpCZ+sh1bKv2iYTlUkzlWmA5JD2acKoxd4KVxbMmxX/85mtfdnDmTFoNKcg5DGAvxNQ==",
      "license": "Apache-2.0"
    },
    "node_modules/preact": {
      "version": "10.29.7",
      "resolved": "https://registry.npmjs.org/preact/-/preact-10.29.7.tgz",
      "integrity": "sha512-DCHYrK/B10yUD3ZjLfhZ3WIE/9Vf9VFUODcRE2dRomTYDpJk6z6L9wecSfhfE6M9ZTHUdyQkoC46arIDhEV84Q==",
      "license": "MIT",
      "funding": {
        "type": "opencollective",
        "url": "https://opencollective.com/preact"
      },
      "peerDependencies": {
        "preact-render-to-string": ">=5"
      },
      "peerDependenciesMeta": {
        "preact-render-to-string": {
          "optional": true
        }
      }
    }
  }
}
